
Microsoft Visual Studio Solution File, Format Version 12.00
# Visual Studio Version 17
VisualStudioVersion = 17.0.31710.8
MinimumVisualStudioVersion = 10.0.40219.1
Project("{888888A0-9F3D-457C-B088-3A5042F75D52}") = "Medivac", "Medivac.pyproj", "{039D92C6-9B82-411A-96AE-FCAFE6DFB9DF}"
EndProject
Global
	GlobalSection(SolutionConfigurationPlatforms) = preSolution
		Debug|Any CPU = Debug|Any CPU
		Release|Any CPU = Release|Any CPU
	EndGlobalSection
	GlobalSection(ProjectConfigurationPlatforms) = postSolution
		{039D92C6-9B82-411A-96AE-FCAFE6DFB9DF}.Debug|Any CPU.ActiveCfg = Debug|Any CPU
		{039D92C6-9B82-411A-96AE-FCAFE6DFB9DF}.Release|Any CPU.ActiveCfg = Release|Any CPU
	EndGlobalSection
	GlobalSection(SolutionProperties) = preSolution
		HideSolutionNode = FALSE
	EndGlobalSection
	GlobalSection(ExtensibilityGlobals) = postSolution
		SolutionGuid = {2C00FFA4-2877-4E76-A959-B94573306EBD}
	EndGlobalSection
EndGlobal
